{
  "name": "dingcan",
  "version": "1.0.0",
  "lockfileVersion": 1,
  "requires": true,
  "dependencies": {
    "axios": {
      "version": "0.18.0",
      "resolved": "https://registry.npmjs.org/axios/-/axios-0.18.0.tgz",
      "integrity": "sha1-MtU+SFHv3AoRmTts0AB4nXDAUQI=",
      "requires": {
        "follow-redirects": "^1.3.0",
        "is-buffer": "^1.1.5"
      },
      "dependencies": {
        "is-buffer": {
          "version": "1.1.6",
          "resolved": "https://registry.npmjs.org/is-buffer/-/is-buffer-1.1.6.tgz",
          "integrity": "sha512-NcdALwpXkTm5Zvvbk7owOUSvVvBKDgKP5/ewfXEznmQFfs4ZRmanOeKBTjRVjka3QFoN6XJ+9F3USqfHqTaU5w=="
        }
      }
    },
    "cross-env": {
      "version": "5.1.4",
      "resolved": "http://registry.npm.taobao.org/cross-env/download/cross-env-5.1.4.tgz",
      "dev": true,
      "requires": {
        "is-windows": "^1.0.0"
      },
      "dependencies": {
        "cross-spawn": {
          "version": "http://registry.npm.taobao.org/cross-spawn/download/cross-spawn-5.1.0.tgz",
          "bundled": true
        },
        "is-windows": {
          "version": "1.0.2",
          "resolved": "https://registry.npmjs.org/is-windows/-/is-windows-1.0.2.tgz",
          "integrity": "sha512-eXK1UInq2bPmjyX6e3VHIzMLobc4J94i4AWn+Hpq3OU5KkrRC96OAcR3PRJ/pGu6m8TRnBHP9dkXQVsT/COVIA==",
          "dev": true
        }
      }
    },
    "css-loader": {
      "version": "0.28.11",
      "resolved": "http://registry.npm.taobao.org/css-loader/download/css-loader-0.28.11.tgz",
      "dev": true,
      "requires": {
        "babel-code-frame": "^6.26.0",
        "lodash.camelcase": "^4.3.0",
        "postcss-modules-extract-imports": "^1.2.0",
        "postcss-modules-local-by-default": "^1.2.0",
        "postcss-modules-scope": "^1.1.0",
        "postcss-value-parser": "^3.3.0",
        "source-list-map": "^2.0.0"
      },
      "dependencies": {
        "ansi-regex": {
          "version": "2.1.1",
          "resolved": "https://registry.npmjs.org/ansi-regex/-/ansi-regex-2.1.1.tgz",
          "integrity": "sha1-w7M6te42DYbg5ijwRorn7yfWVN8=",
          "dev": true
        },
        "ansi-styles": {
          "version": "2.2.1",
          "resolved": "https://registry.npmjs.org/ansi-styles/-/ansi-styles-2.2.1.tgz",
          "integrity": "sha1-tDLdM1i2NM914eRmQ2gkBTPB3b4=",
          "dev": true
        },
        "babel-code-frame": {
          "version": "6.26.0",
          "resolved": "https://registry.npmjs.org/babel-code-frame/-/babel-code-frame-6.26.0.tgz",
          "integrity": "sha1-Y/1D99weO7fONZR9uP42mj9Yx0s=",
          "dev": true,
          "requires": {
            "chalk": "^1.1.3",
            "esutils": "^2.0.2",
            "js-tokens": "^3.0.2"
          }
        },
        "chalk": {
          "version": "1.1.3",
          "resolved": "https://registry.npmjs.org/chalk/-/chalk-1.1.3.tgz",
          "integrity": "sha1-qBFcVeSnAv5NFQq9OHKCKn4J/Jg=",
          "dev": true,
          "requires": {
            "ansi-styles": "^2.2.1",
            "escape-string-regexp": "^1.0.2",
            "has-ansi": "^2.0.0",
            "strip-ansi": "^3.0.0",
            "supports-color": "^2.0.0"
          }
        },
        "color-convert": {
          "version": "1.9.1",
          "resolved": "https://registry.npmjs.org/color-convert/-/color-convert-1.9.1.tgz",
          "integrity": "sha512-mjGanIiwQJskCC18rPR6OmrZ6fm2Lc7PeGFYwCmy5J34wC6F1PzdGL6xeMfmgicfYcNLGuVFA3WzXtIDCQSZxQ==",
          "dev": true,
          "requires": {
            "color-name": "^1.1.1"
          }
        },
        "color-name": {
          "version": "1.1.3",
          "resolved": "https://registry.npmjs.org/color-name/-/color-name-1.1.3.tgz",
          "integrity": "sha1-p9BVi9icQveV3UIyj3QIMcpTvCU=",
          "dev": true
        },
        "css-selector-tokenizer": {
          "version": "http://registry.npm.taobao.org/css-selector-tokenizer/download/css-selector-tokenizer-0.7.0.tgz",
          "bundled": true
        },
        "cssnano": {
          "version": "http://registry.npm.taobao.org/cssnano/download/cssnano-3.10.0.tgz",
          "bundled": true
        },
        "escape-string-regexp": {
          "version": "1.0.5",
          "resolved": "https://registry.npmjs.org/escape-string-regexp/-/escape-string-regexp-1.0.5.tgz",
          "integrity": "sha1-G2HAViGQqN/2rjuyzwIAyhMLhtQ=",
          "dev": true
        },
        "esutils": {
          "version": "2.0.2",
          "resolved": "https://registry.npmjs.org/esutils/-/esutils-2.0.2.tgz",
          "integrity": "sha1-Cr9PHKpbyx96nYrMbepPqqBLrJs=",
          "dev": true
        },
        "has-ansi": {
          "version": "2.0.0",
          "resolved": "https://registry.npmjs.org/has-ansi/-/has-ansi-2.0.0.tgz",
          "integrity": "sha1-NPUEnOHs3ysGSa8+8k5F7TVBbZE=",
          "dev": true,
          "requires": {
            "ansi-regex": "^2.0.0"
          }
        },
        "has-flag": {
          "version": "3.0.0",
          "resolved": "https://registry.npmjs.org/has-flag/-/has-flag-3.0.0.tgz",
          "integrity": "sha1-tdRU3CGZriJWmfNGfloH87lVuv0=",
          "dev": true
        },
        "icss-utils": {
          "version": "http://registry.npm.taobao.org/icss-utils/download/icss-utils-2.1.0.tgz",
          "bundled": true
        },
        "js-tokens": {
          "version": "3.0.2",
          "resolved": "https://registry.npmjs.org/js-tokens/-/js-tokens-3.0.2.tgz",
          "integrity": "sha1-mGbfOVECEw449/mWvOtlRDIJwls=",
          "dev": true
        },
        "loader-utils": {
          "version": "http://registry.npm.taobao.org/loader-utils/download/loader-utils-1.1.0.tgz",
          "bundled": true,
          "dependencies": {
            "big.js": {
              "version": "http://registry.npm.taobao.org/big.js/download/big.js-3.2.0.tgz"
            }
          }
        },
        "lodash.camelcase": {
          "version": "4.3.0",
          "resolved": "https://registry.npmjs.org/lodash.camelcase/-/lodash.camelcase-4.3.0.tgz",
          "integrity": "sha1-soqmKIorn8ZRA1x3EfZathkDMaY=",
          "dev": true
        },
        "object-assign": {
          "version": "http://registry.npm.taobao.org/object-assign/download/object-assign-4.1.1.tgz",
          "bundled": true
        },
        "postcss": {
          "version": "http://registry.npm.taobao.org/postcss/download/postcss-5.2.18.tgz",
          "bundled": true,
          "dependencies": {
            "chalk": {
              "version": "http://registry.npm.taobao.org/chalk/download/chalk-1.1.3.tgz"
            }
          }
        },
        "postcss-modules-extract-imports": {
          "version": "1.2.0",
          "resolved": "https://registry.npmjs.org/postcss-modules-extract-imports/-/postcss-modules-extract-imports-1.2.0.tgz",
          "integrity": "sha1-ZhQOzs447wa/DT41XWm/WdFB6oU=",
          "dev": true,
          "requires": {
            "postcss": "^6.0.1"
          },
          "dependencies": {
            "ansi-styles": {
              "version": "3.2.1",
              "resolved": "https://registry.npmjs.org/ansi-styles/-/ansi-styles-3.2.1.tgz",
              "integrity": "sha512-VT0ZI6kZRdTh8YyJw3SMbYm/u+NqfsAxEpWO0Pf9sq8/e94WxxOpPKx9FR1FlyCtOVDNOQ+8ntlqFxiRc+r5qA==",
              "dev": true,
              "requires": {
                "color-convert": "^1.9.0"
              }
            },
            "chalk": {
              "version": "2.4.1",
              "resolved": "https://registry.npmjs.org/chalk/-/chalk-2.4.1.tgz",
              "integrity": "sha512-ObN6h1v2fTJSmUXoS3nMQ92LbDK9be4TV+6G+omQlGJFdcUX5heKi1LZ1YnRMIgwTLEj3E24bT6tYni50rlCfQ==",
              "dev": true,
              "requires": {
                "ansi-styles": "^3.2.1",
                "escape-string-regexp": "^1.0.5",
                "supports-color": "^5.3.0"
              }
            },
            "postcss": {
              "version": "6.0.22",
              "resolved": "https://registry.npmjs.org/postcss/-/postcss-6.0.22.tgz",
              "integrity": "sha512-Toc9lLoUASwGqxBSJGTVcOQiDqjK+Z2XlWBg+IgYwQMY9vA2f7iMpXVc1GpPcfTSyM5lkxNo0oDwDRO+wm7XHA==",
              "dev": true,
              "requires": {
                "chalk": "^2.4.1",
                "source-map": "^0.6.1",
                "supports-color": "^5.4.0"
              }
            },
            "supports-color": {
              "version": "5.4.0",
              "resolved": "https://registry.npmjs.org/supports-color/-/supports-color-5.4.0.tgz",
              "integrity": "sha512-zjaXglF5nnWpsq470jSv6P9DwPvgLkuapYmfDm3JWOm0vkNTVF2tI4UrN2r6jH1qM/uc/WtxYY1hYoA2dOKj5w==",
              "dev": true,
              "requires": {
                "has-flag": "^3.0.0"
              }
            }
          }
        },
        "postcss-modules-local-by-default": {
          "version": "1.2.0",
          "resolved": "https://registry.npmjs.org/postcss-modules-local-by-default/-/postcss-modules-local-by-default-1.2.0.tgz",
          "integrity": "sha1-99gMOYxaOT+nlkRmvRlQCn1hwGk=",
          "dev": true,
          "requires": {
            "postcss": "^6.0.1"
          },
          "dependencies": {
            "ansi-styles": {
              "version": "3.2.1",
              "resolved": "https://registry.npmjs.org/ansi-styles/-/ansi-styles-3.2.1.tgz",
              "integrity": "sha512-VT0ZI6kZRdTh8YyJw3SMbYm/u+NqfsAxEpWO0Pf9sq8/e94WxxOpPKx9FR1FlyCtOVDNOQ+8ntlqFxiRc+r5qA==",
              "dev": true,
              "requires": {
                "color-convert": "^1.9.0"
              }
            },
            "chalk": {
              "version": "2.4.1",
              "resolved": "https://registry.npmjs.org/chalk/-/chalk-2.4.1.tgz",
              "integrity": "sha512-ObN6h1v2fTJSmUXoS3nMQ92LbDK9be4TV+6G+omQlGJFdcUX5heKi1LZ1YnRMIgwTLEj3E24bT6tYni50rlCfQ==",
              "dev": true,
              "requires": {
                "ansi-styles": "^3.2.1",
                "escape-string-regexp": "^1.0.5",
                "supports-color": "^5.3.0"
              }
            },
            "postcss": {
              "version": "6.0.22",
              "resolved": "https://registry.npmjs.org/postcss/-/postcss-6.0.22.tgz",
              "integrity": "sha512-Toc9lLoUASwGqxBSJGTVcOQiDqjK+Z2XlWBg+IgYwQMY9vA2f7iMpXVc1GpPcfTSyM5lkxNo0oDwDRO+wm7XHA==",
              "dev": true,
              "requires": {
                "chalk": "^2.4.1",
                "source-map": "^0.6.1",
                "supports-color": "^5.4.0"
              }
            },
            "supports-color": {
              "version": "5.4.0",
              "resolved": "https://registry.npmjs.org/supports-color/-/supports-color-5.4.0.tgz",
              "integrity": "sha512-zjaXglF5nnWpsq470jSv6P9DwPvgLkuapYmfDm3JWOm0vkNTVF2tI4UrN2r6jH1qM/uc/WtxYY1hYoA2dOKj5w==",
              "dev": true,
              "requires": {
                "has-flag": "^3.0.0"
              }
            }
          }
        },
        "postcss-modules-scope": {
          "version": "1.1.0",
          "resolved": "https://registry.npmjs.org/postcss-modules-scope/-/postcss-modules-scope-1.1.0.tgz",
          "integrity": "sha1-1upkmUx5+XtipytCb75gVqGUu5A=",
          "dev": true,
          "requires": {
            "postcss": "^6.0.1"
          },
          "dependencies": {
            "ansi-styles": {
              "version": "3.2.1",
              "resolved": "https://registry.npmjs.org/ansi-styles/-/ansi-styles-3.2.1.tgz",
              "integrity": "sha512-VT0ZI6kZRdTh8YyJw3SMbYm/u+NqfsAxEpWO0Pf9sq8/e94WxxOpPKx9FR1FlyCtOVDNOQ+8ntlqFxiRc+r5qA==",
              "dev": true,
              "requires": {
                "color-convert": "^1.9.0"
              }
            },
            "chalk": {
              "version": "2.4.1",
              "resolved": "https://registry.npmjs.org/chalk/-/chalk-2.4.1.tgz",
              "integrity": "sha512-ObN6h1v2fTJSmUXoS3nMQ92LbDK9be4TV+6G+omQlGJFdcUX5heKi1LZ1YnRMIgwTLEj3E24bT6tYni50rlCfQ==",
              "dev": true,
              "requires": {
                "ansi-styles": "^3.2.1",
                "escape-string-regexp": "^1.0.5",
                "supports-color": "^5.3.0"
              }
            },
            "postcss": {
              "version": "6.0.22",
              "resolved": "https://registry.npmjs.org/postcss/-/postcss-6.0.22.tgz",
              "integrity": "sha512-Toc9lLoUASwGqxBSJGTVcOQiDqjK+Z2XlWBg+IgYwQMY9vA2f7iMpXVc1GpPcfTSyM5lkxNo0oDwDRO+wm7XHA==",
              "dev": true,
              "requires": {
                "chalk": "^2.4.1",
                "source-map": "^0.6.1",
                "supports-color": "^5.4.0"
              }
            },
            "supports-color": {
              "version": "5.4.0",
              "resolved": "https://registry.npmjs.org/supports-color/-/supports-color-5.4.0.tgz",
              "integrity": "sha512-zjaXglF5nnWpsq470jSv6P9DwPvgLkuapYmfDm3JWOm0vkNTVF2tI4UrN2r6jH1qM/uc/WtxYY1hYoA2dOKj5w==",
              "dev": true,
              "requires": {
                "has-flag": "^3.0.0"
              }
            }
          }
        },
        "postcss-modules-values": {
          "version": "http://registry.npm.taobao.org/postcss-modules-values/download/postcss-modules-values-1.3.0.tgz",
          "bundled": true
        },
        "postcss-value-parser": {
          "version": "3.3.0",
          "resolved": "https://registry.npmjs.org/postcss-value-parser/-/postcss-value-parser-3.3.0.tgz",
          "integrity": "sha1-h/OPnxj3dKSrTIojL1xc6IcqnRU=",
          "dev": true
        },
        "source-list-map": {
          "version": "2.0.0",
          "resolved": "https://registry.npmjs.org/source-list-map/-/source-list-map-2.0.0.tgz",
          "integrity": "sha512-I2UmuJSRr/T8jisiROLU3A3ltr+swpniSmNPI4Ml3ZCX6tVnDsuZzK7F2hl5jTqbZBWCEKlj5HRQiPExXLgE8A==",
          "dev": true
        },
        "source-map": {
          "version": "0.6.1",
          "resolved": "https://registry.npmjs.org/source-map/-/source-map-0.6.1.tgz",
          "integrity": "sha512-UjgapumWlbMhkBgzT7Ykc5YXUT46F0iKu8SGXq0bcwP5dz/h0Plj6enJqjz1Zbq2l5WaqYnrVbwWOWMyF3F47g==",
          "dev": true
        },
        "strip-ansi": {
          "version": "3.0.1",
          "resolved": "https://registry.npmjs.org/strip-ansi/-/strip-ansi-3.0.1.tgz",
          "integrity": "sha1-ajhfuIU9lS1f8F0Oiq+UJ43GPc8=",
          "dev": true,
          "requires": {
            "ansi-regex": "^2.0.0"
          }
        },
        "supports-color": {
          "version": "2.0.0",
          "resolved": "https://registry.npmjs.org/supports-color/-/supports-color-2.0.0.tgz",
          "integrity": "sha1-U10EXOa2Nj+kARcIRimZXp3zJMc=",
          "dev": true
        }
      }
    },
    "file-loader": {
      "version": "1.1.11",
      "resolved": "http://registry.npm.taobao.org/file-loader/download/file-loader-1.1.11.tgz",
      "dev": true,
      "requires": {
        "schema-utils": "^0.4.5"
      },
      "dependencies": {
        "ajv": {
          "version": "6.4.0",
          "resolved": "https://registry.npmjs.org/ajv/-/ajv-6.4.0.tgz",
          "integrity": "sha1-06/3jpJ3VJdx2vAWTP9ISCt1T8Y=",
          "dev": true,
          "requires": {
            "fast-deep-equal": "^1.0.0",
            "fast-json-stable-stringify": "^2.0.0",
            "json-schema-traverse": "^0.3.0"
          }
        },
        "ajv-keywords": {
          "version": "3.2.0",
          "resolved": "https://registry.npmjs.org/ajv-keywords/-/ajv-keywords-3.2.0.tgz",
          "integrity": "sha1-6GuBnGAs+IIa1jdBNpjx3sAhhHo=",
          "dev": true
        },
        "fast-deep-equal": {
          "version": "1.1.0",
          "resolved": "https://registry.npmjs.org/fast-deep-equal/-/fast-deep-equal-1.1.0.tgz",
          "integrity": "sha1-wFNHeBfIa1HaqFPIHgWbcz0CNhQ=",
          "dev": true
        },
        "fast-json-stable-stringify": {
          "version": "2.0.0",
          "resolved": "https://registry.npmjs.org/fast-json-stable-stringify/-/fast-json-stable-stringify-2.0.0.tgz",
          "integrity": "sha1-1RQsDK7msRifh9OnYREGT4bIu/I=",
          "dev": true
        },
        "json-schema-traverse": {
          "version": "0.3.1",
          "resolved": "https://registry.npmjs.org/json-schema-traverse/-/json-schema-traverse-0.3.1.tgz",
          "integrity": "sha1-NJptRMU6Ud6JtAgFxdXlm0F9M0A=",
          "dev": true
        },
        "schema-utils": {
          "version": "0.4.5",
          "resolved": "https://registry.npmjs.org/schema-utils/-/schema-utils-0.4.5.tgz",
          "integrity": "sha512-yYrjb9TX2k/J1Y5UNy3KYdZq10xhYcF8nMpAW6o3hy6Q8WSIEf9lJHG/ePnOBfziPM3fvQwfOwa13U/Fh8qTfA==",
          "dev": true,
          "requires": {
            "ajv": "^6.1.0",
            "ajv-keywords": "^3.1.0"
          }
        }
      }
    },
    "follow-redirects": {
      "version": "1.4.1",
      "resolved": "http://registry.npm.taobao.org/follow-redirects/download/follow-redirects-1.4.1.tgz",
      "dependencies": {
        "debug": {
          "version": "http://registry.npm.taobao.org/debug/download/debug-3.1.0.tgz",
          "bundled": true
        }
      }
    },
    "webpack": {
      "version": "3.11.0",
      "resolved": "http://registry.npm.taobao.org/webpack/download/webpack-3.11.0.tgz",
      "dev": true,
      "requires": {
        "acorn": "^5.0.0",
        "ajv-keywords": "^3.1.0",
        "async": "^2.1.2",
        "enhanced-resolve": "^3.4.0",
        "json5": "^0.5.1",
        "mkdirp": "~0.5.0",
        "supports-color": "^4.2.1",
        "uglifyjs-webpack-plugin": "^0.4.6",
        "webpack-sources": "^1.0.1"
      },
      "dependencies": {
        "acorn": {
          "version": "5.5.3",
          "resolved": "https://registry.npmjs.org/acorn/-/acorn-5.5.3.tgz",
          "integrity": "sha512-jd5MkIUlbbmb07nXH0DT3y7rDVtkzDi4XZOUVWAer8ajmF/DTSSbl5oNFyDOl/OXA33Bl79+ypHhl2pN20VeOQ==",
          "dev": true
        },
        "acorn-dynamic-import": {
          "version": "http://registry.npm.taobao.org/acorn-dynamic-import/download/acorn-dynamic-import-2.0.2.tgz",
          "bundled": true
        },
        "ajv": {
          "version": "http://registry.npm.taobao.org/ajv/download/ajv-6.4.0.tgz",
          "bundled": true
        },
        "ajv-keywords": {
          "version": "3.2.0",
          "resolved": "https://registry.npmjs.org/ajv-keywords/-/ajv-keywords-3.2.0.tgz",
          "integrity": "sha1-6GuBnGAs+IIa1jdBNpjx3sAhhHo=",
          "dev": true
        },
        "align-text": {
          "version": "0.1.4",
          "resolved": "https://registry.npmjs.org/align-text/-/align-text-0.1.4.tgz",
          "integrity": "sha1-DNkKVhCT810KmSVsIrcGlDP60Rc=",
          "dev": true,
          "requires": {
            "kind-of": "^3.0.2",
            "longest": "^1.0.1",
            "repeat-string": "^1.5.2"
          }
        },
        "async": {
          "version": "2.6.0",
          "resolved": "https://registry.npmjs.org/async/-/async-2.6.0.tgz",
          "integrity": "sha512-xAfGg1/NTLBBKlHFmnd7PlmUW9KhVQIUuSrYem9xzFUZy13ScvtyGGejaae9iAVRiRq9+Cx7DPFaAAhCpyxyPw==",
          "dev": true,
          "requires": {
            "lodash": "^4.14.0"
          }
        },
        "camelcase": {
          "version": "1.2.1",
          "resolved": "https://registry.npmjs.org/camelcase/-/camelcase-1.2.1.tgz",
          "integrity": "sha1-m7UwTS4LVmmLLHWLCKPqqdqlijk=",
          "dev": true
        },
        "center-align": {
          "version": "0.1.3",
          "resolved": "https://registry.npmjs.org/center-align/-/center-align-0.1.3.tgz",
          "integrity": "sha1-qg0yYptu6XIgBBHL1EYckHvCt60=",
          "dev": true,
          "requires": {
            "align-text": "^0.1.3"
          }
        },
        "cliui": {
          "version": "2.1.0",
          "resolved": "https://registry.npmjs.org/cliui/-/cliui-2.1.0.tgz",
          "integrity": "sha1-S0dXYP+AJkx2LDoXGQMukcf+oNE=",
          "dev": true,
          "requires": {
            "center-align": "^0.1.1"
          }
        },
        "enhanced-resolve": {
          "version": "3.4.1",
          "resolved": "https://registry.npmjs.org/enhanced-resolve/-/enhanced-resolve-3.4.1.tgz",
          "integrity": "sha1-BCHjOf1xQZs9oT0Smzl5BAIwR24=",
          "dev": true
        },
        "escope": {
          "version": "http://registry.npm.taobao.org/escope/download/escope-3.6.0.tgz",
          "bundled": true
        },
        "has-flag": {
          "version": "2.0.0",
          "resolved": "https://registry.npmjs.org/has-flag/-/has-flag-2.0.0.tgz",
          "integrity": "sha1-6CB68cx7MNRGzHC3NLXovhj4jVE=",
          "dev": true
        },
        "interpret": {
          "version": "http://registry.npm.taobao.org/interpret/download/interpret-1.1.0.tgz",
          "bundled": true
        },
        "is-buffer": {
          "version": "1.1.6",
          "resolved": "https://registry.npmjs.org/is-buffer/-/is-buffer-1.1.6.tgz",
          "integrity": "sha512-NcdALwpXkTm5Zvvbk7owOUSvVvBKDgKP5/ewfXEznmQFfs4ZRmanOeKBTjRVjka3QFoN6XJ+9F3USqfHqTaU5w==",
          "dev": true
        },
        "json-loader": {
          "version": "http://registry.npm.taobao.org/json-loader/download/json-loader-0.5.7.tgz",
          "bundled": true
        },
        "json5": {
          "version": "0.5.1",
          "resolved": "https://registry.npmjs.org/json5/-/json5-0.5.1.tgz",
          "integrity": "sha1-Hq3nrMASA0rYTiOWdn6tn6VJWCE=",
          "dev": true
        },
        "kind-of": {
          "version": "3.2.2",
          "resolved": "https://registry.npmjs.org/kind-of/-/kind-of-3.2.2.tgz",
          "integrity": "sha1-MeohpzS6ubuw8yRm2JOupR5KPGQ=",
          "dev": true,
          "requires": {
            "is-buffer": "^1.1.5"
          }
        },
        "loader-runner": {
          "version": "http://registry.npm.taobao.org/loader-runner/download/loader-runner-2.3.0.tgz",
          "bundled": true
        },
        "loader-utils": {
          "version": "http://registry.npm.taobao.org/loader-utils/download/loader-utils-1.1.0.tgz",
          "bundled": true
        },
        "lodash": {
          "version": "4.17.10",
          "resolved": "https://registry.npmjs.org/lodash/-/lodash-4.17.10.tgz",
          "integrity": "sha512-UejweD1pDoXu+AD825lWwp4ZGtSwgnpZxb3JDViD7StjQz+Nb/6l093lx4OQ0foGWNRoc19mWy7BzL+UAK2iVg==",
          "dev": true
        },
        "longest": {
          "version": "1.0.1",
          "resolved": "https://registry.npmjs.org/longest/-/longest-1.0.1.tgz",
          "integrity": "sha1-MKCy2jj3N3DoKUoNIuZiXtd9AJc=",
          "dev": true
        },
        "memory-fs": {
          "version": "http://registry.npm.taobao.org/memory-fs/download/memory-fs-0.4.1.tgz",
          "bundled": true
        },
        "minimist": {
          "version": "0.0.8",
          "resolved": "https://registry.npmjs.org/minimist/-/minimist-0.0.8.tgz",
          "integrity": "sha1-hX/Kv8M5fSYluCKCYuhqp6ARsF0=",
          "dev": true
        },
        "mkdirp": {
          "version": "0.5.1",
          "resolved": "https://registry.npmjs.org/mkdirp/-/mkdirp-0.5.1.tgz",
          "integrity": "sha1-MAV0OOrGz3+MR2fzhkjWaX11yQM=",
          "dev": true,
          "requires": {
            "minimist": "0.0.8"
          }
        },
        "node-libs-browser": {
          "version": "http://registry.npm.taobao.org/node-libs-browser/download/node-libs-browser-2.1.0.tgz",
          "bundled": true
        },
        "repeat-string": {
          "version": "1.6.1",
          "resolved": "https://registry.npmjs.org/repeat-string/-/repeat-string-1.6.1.tgz",
          "integrity": "sha1-jcrkcOHIirwtYA//Sndihtp15jc=",
          "dev": true
        },
        "source-list-map": {
          "version": "2.0.0",
          "resolved": "https://registry.npmjs.org/source-list-map/-/source-list-map-2.0.0.tgz",
          "integrity": "sha512-I2UmuJSRr/T8jisiROLU3A3ltr+swpniSmNPI4Ml3ZCX6tVnDsuZzK7F2hl5jTqbZBWCEKlj5HRQiPExXLgE8A==",
          "dev": true
        },
        "source-map": {
          "version": "http://registry.npm.taobao.org/source-map/download/source-map-0.5.7.tgz",
          "bundled": true
        },
        "supports-color": {
          "version": "4.5.0",
          "resolved": "https://registry.npmjs.org/supports-color/-/supports-color-4.5.0.tgz",
          "integrity": "sha1-vnoN5ITexcXN34s9WRJQRJEvY1s=",
          "dev": true,
          "requires": {
            "has-flag": "^2.0.0"
          }
        },
        "tapable": {
          "version": "http://registry.npm.taobao.org/tapable/download/tapable-0.2.8.tgz",
          "bundled": true
        },
        "uglify-js": {
          "version": "2.8.29",
          "resolved": "https://registry.npmjs.org/uglify-js/-/uglify-js-2.8.29.tgz",
          "integrity": "sha1-KcVzMUgFe7Th913zW3qcty5qWd0=",
          "dev": true,
          "requires": {
            "uglify-to-browserify": "~1.0.0",
            "yargs": "~3.10.0"
          },
          "dependencies": {
            "yargs": {
              "version": "3.10.0",
              "resolved": "https://registry.npmjs.org/yargs/-/yargs-3.10.0.tgz",
              "integrity": "sha1-9+572FfdfB0tOMDnTvvWgdFDH9E=",
              "dev": true,
              "requires": {
                "camelcase": "^1.0.2",
                "cliui": "^2.1.0",
                "window-size": "0.1.0"
              }
            }
          }
        },
        "uglify-to-browserify": {
          "version": "1.0.2",
          "resolved": "https://registry.npmjs.org/uglify-to-browserify/-/uglify-to-browserify-1.0.2.tgz",
          "integrity": "sha1-bgkk1r2mta/jSeOabWMoUKD4grc=",
          "dev": true,
          "optional": true
        },
        "uglifyjs-webpack-plugin": {
          "version": "0.4.6",
          "resolved": "https://registry.npmjs.org/uglifyjs-webpack-plugin/-/uglifyjs-webpack-plugin-0.4.6.tgz",
          "integrity": "sha1-uVH0q7a9YX5m9j64kUmOORdj4wk=",
          "dev": true,
          "requires": {
            "uglify-js": "^2.8.29",
            "webpack-sources": "^1.0.1"
          }
        },
        "watchpack": {
          "version": "http://registry.npm.taobao.org/watchpack/download/watchpack-1.6.0.tgz",
          "bundled": true
        },
        "webpack-sources": {
          "version": "1.1.0",
          "resolved": "https://registry.npmjs.org/webpack-sources/-/webpack-sources-1.1.0.tgz",
          "integrity": "sha512-aqYp18kPphgoO5c/+NaUvEeACtZjMESmDChuD3NBciVpah3XpMEU9VAAtIaB1BsfJWWTSdv8Vv1m3T0aRk2dUw==",
          "dev": true,
          "requires": {
            "source-list-map": "^2.0.0",
            "source-map": "~0.6.1"
          },
          "dependencies": {
            "source-map": {
              "version": "0.6.1",
              "resolved": "https://registry.npmjs.org/source-map/-/source-map-0.6.1.tgz",
              "integrity": "sha512-UjgapumWlbMhkBgzT7Ykc5YXUT46F0iKu8SGXq0bcwP5dz/h0Plj6enJqjz1Zbq2l5WaqYnrVbwWOWMyF3F47g==",
              "dev": true
            }
          }
        },
        "window-size": {
          "version": "0.1.0",
          "resolved": "https://registry.npmjs.org/window-size/-/window-size-0.1.0.tgz",
          "integrity": "sha1-VDjNLqk7IC76Ohn+iIeu58lPnJ0=",
          "dev": true
        },
        "yargs": {
          "version": "http://registry.npm.taobao.org/yargs/download/yargs-8.0.2.tgz",
          "bundled": true,
          "dependencies": {
            "camelcase": {
              "version": "http://registry.npm.taobao.org/camelcase/download/camelcase-4.1.0.tgz"
            },
            "decamelize": {
              "version": "http://registry.npm.taobao.org/decamelize/download/decamelize-1.2.0.tgz"
            }
          }
        }
      }
    },
    "webpack-dev-server": {
      "version": "2.11.2",
      "resolved": "http://registry.npm.taobao.org/webpack-dev-server/download/webpack-dev-server-2.11.2.tgz",
      "dev": true,
      "requires": {
        "array-includes": "^3.0.3",
        "chokidar": "^2.0.0",
        "connect-history-api-fallback": "^1.3.0",
        "del": "^3.0.0",
        "http-proxy-middleware": "~0.17.4",
        "import-local": "^1.0.0",
        "ip": "^1.1.5",
        "sockjs-client": "1.1.4"
      },
      "dependencies": {
        "ansi-html": {
          "version": "http://registry.npm.taobao.org/ansi-html/download/ansi-html-0.0.7.tgz"
        },
        "arr-diff": {
          "version": "2.0.0",
          "bundled": true,
          "dev": true
        },
        "array-includes": {
          "version": "3.0.3",
          "bundled": true,
          "dev": true
        },
        "assign-symbols": {
          "version": "1.0.0",
          "bundled": true,
          "dev": true
        },
        "async-each": {
          "version": "1.0.1",
          "bundled": true,
          "dev": true
        },
        "bonjour": {
          "version": "http://registry.npm.taobao.org/bonjour/download/bonjour-3.5.0.tgz"
        },
        "braces": {
          "version": "2.3.2",
          "bundled": true,
          "dev": true,
          "requires": {
            "extend-shallow": "^2.0.1",
            "isobject": "^3.0.1",
            "repeat-element": "^1.1.2",
            "split-string": "^3.0.2"
          }
        },
        "chokidar": {
          "version": "2.0.3",
          "bundled": true,
          "dev": true,
          "requires": {
            "async-each": "^1.0.0",
            "braces": "^2.3.0",
            "inherits": "^2.0.1",
            "is-glob": "^4.0.0",
            "normalize-path": "^2.1.1",
            "path-is-absolute": "^1.0.0"
          }
        },
        "compression": {
          "version": "http://registry.npm.taobao.org/compression/download/compression-1.7.2.tgz"
        },
        "connect-history-api-fallback": {
          "version": "1.5.0",
          "bundled": true,
          "dev": true
        },
        "debug": {
          "version": "http://registry.npm.taobao.org/debug/download/debug-3.1.0.tgz"
        },
        "del": {
          "version": "3.0.0",
          "bundled": true,
          "dev": true,
          "requires": {
            "is-path-in-cwd": "^1.0.0",
            "p-map": "^1.1.1",
            "pify": "^3.0.0",
            "rimraf": "^2.2.8"
          }
        },
        "eventsource": {
          "version": "0.1.6",
          "bundled": true,
          "dev": true
        },
        "expand-brackets": {
          "version": "0.1.5",
          "bundled": true,
          "dev": true
        },
        "express": {
          "version": "http://registry.npm.taobao.org/express/download/express-4.16.3.tgz"
        },
        "extend-shallow": {
          "version": "2.0.1",
          "bundled": true,
          "dev": true,
          "requires": {
            "is-extendable": "^0.1.0"
          }
        },
        "extglob": {
          "version": "0.3.2",
          "bundled": true,
          "dev": true,
          "requires": {
            "is-extglob": "^1.0.0"
          },
          "dependencies": {
            "is-extglob": {
              "version": "1.0.0",
              "resolved": "https://registry.npmjs.org/is-extglob/-/is-extglob-1.0.0.tgz",
              "integrity": "sha1-rEaBd8SUNAWgkvyPKXYMb/xiBsA=",
              "dev": true
            }
          }
        },
        "filename-regex": {
          "version": "2.0.1",
          "bundled": true,
          "dev": true
        },
        "for-in": {
          "version": "1.0.2",
          "bundled": true,
          "dev": true
        },
        "for-own": {
          "version": "0.1.5",
          "bundled": true,
          "dev": true,
          "requires": {
            "for-in": "^1.0.1"
          }
        },
        "html-entities": {
          "version": "http://registry.npm.taobao.org/html-entities/download/html-entities-1.2.1.tgz"
        },
        "http-proxy-middleware": {
          "version": "0.17.4",
          "bundled": true,
          "dev": true,
          "requires": {
            "is-glob": "^3.1.0",
            "lodash": "^4.17.2",
            "micromatch": "^2.3.11"
          },
          "dependencies": {
            "is-glob": {
              "version": "3.1.0",
              "resolved": "https://registry.npmjs.org/is-glob/-/is-glob-3.1.0.tgz",
              "integrity": "sha1-e6WuJCF4BKxwcHuWkiVnSGzD6Eo=",
              "dev": true
            }
          }
        },
        "import-local": {
          "version": "1.0.0",
          "bundled": true,
          "dev": true,
          "requires": {
            "resolve-cwd": "^2.0.0"
          }
        },
        "inherits": {
          "version": "2.0.3",
          "bundled": true,
          "dev": true
        },
        "internal-ip": {
          "version": "http://registry.npm.taobao.org/internal-ip/download/internal-ip-1.2.0.tgz"
        },
        "ip": {
          "version": "1.1.5",
          "bundled": true,
          "dev": true
        },
        "is-buffer": {
          "version": "1.1.6",
          "bundled": true,
          "dev": true
        },
        "is-dotfile": {
          "version": "1.0.3",
          "bundled": true,
          "dev": true
        },
        "is-extendable": {
          "version": "0.1.1",
          "bundled": true,
          "dev": true
        },
        "is-glob": {
          "version": "4.0.0",
          "bundled": true,
          "dev": true
        },
        "is-path-in-cwd": {
          "version": "1.0.1",
          "bundled": true,
          "dev": true
        },
        "is-plain-object": {
          "version": "2.0.4",
          "bundled": true,
          "dev": true,
          "requires": {
            "isobject": "^3.0.1"
          }
        },
        "isobject": {
          "version": "3.0.1",
          "bundled": true,
          "dev": true
        },
        "json3": {
          "version": "3.3.2",
          "bundled": true,
          "dev": true
        },
        "killable": {
          "version": "http://registry.npm.taobao.org/killable/download/killable-1.0.0.tgz"
        },
        "kind-of": {
          "version": "3.2.2",
          "bundled": true,
          "dev": true,
          "requires": {
            "is-buffer": "^1.1.5"
          }
        },
        "lodash": {
          "version": "4.17.10",
          "bundled": true,
          "dev": true
        },
        "loglevel": {
          "version": "http://registry.npm.taobao.org/loglevel/download/loglevel-1.6.1.tgz"
        },
        "micromatch": {
          "version": "2.3.11",
          "bundled": true,
          "dev": true,
          "requires": {
            "arr-diff": "^2.0.0",
            "array-unique": "^0.2.1",
            "braces": "^1.8.2",
            "expand-brackets": "^0.1.4",
            "extglob": "^0.3.1",
            "filename-regex": "^2.0.0",
            "is-extglob": "^1.0.0",
            "is-glob": "^2.0.1",
            "kind-of": "^3.0.2",
            "normalize-path": "^2.0.1",
            "object.omit": "^2.0.0",
            "parse-glob": "^3.0.4",
            "regex-cache": "^0.4.2"
          },
          "dependencies": {
            "array-unique": {
              "version": "0.2.1",
              "resolved": "https://registry.npmjs.org/array-unique/-/array-unique-0.2.1.tgz",
              "integrity": "sha1-odl8yvy8JiXMcPrc6zalDFiwGlM=",
              "dev": true
            },
            "braces": {
              "version": "1.8.5",
              "resolved": "https://registry.npmjs.org/braces/-/braces-1.8.5.tgz",
              "integrity": "sha1-uneWLhLf+WnWt2cR6RS3N4V79qc=",
              "dev": true,
              "requires": {
                "repeat-element": "^1.1.2"
              }
            },
            "is-extglob": {
              "version": "1.0.0",
              "resolved": "https://registry.npmjs.org/is-extglob/-/is-extglob-1.0.0.tgz",
              "integrity": "sha1-rEaBd8SUNAWgkvyPKXYMb/xiBsA=",
              "dev": true
            },
            "is-glob": {
              "version": "2.0.1",
              "resolved": "https://registry.npmjs.org/is-glob/-/is-glob-2.0.1.tgz",
              "integrity": "sha1-0Jb5JqPe1WAPP9/ZEZjLCIjC2GM=",
              "dev": true,
              "requires": {
                "is-extglob": "^1.0.0"
              }
            }
          }
        },
        "ms": {
          "version": "2.0.0",
          "bundled": true,
          "dev": true
        },
        "normalize-path": {
          "version": "2.1.1",
          "bundled": true,
          "dev": true
        },
        "object.omit": {
          "version": "2.0.1",
          "bundled": true,
          "dev": true,
          "requires": {
            "for-own": "^0.1.4",
            "is-extendable": "^0.1.1"
          }
        },
        "opn": {
          "version": "http://registry.npm.taobao.org/opn/download/opn-5.3.0.tgz"
        },
        "p-map": {
          "version": "1.2.0",
          "bundled": true,
          "dev": true
        },
        "parse-glob": {
          "version": "3.0.4",
          "bundled": true,
          "dev": true,
          "requires": {
            "is-dotfile": "^1.0.0",
            "is-extglob": "^1.0.0",
            "is-glob": "^2.0.0"
          },
          "dependencies": {
            "is-extglob": {
              "version": "1.0.0",
              "resolved": "https://registry.npmjs.org/is-extglob/-/is-extglob-1.0.0.tgz",
              "integrity": "sha1-rEaBd8SUNAWgkvyPKXYMb/xiBsA=",
              "dev": true
            },
            "is-glob": {
              "version": "2.0.1",
              "resolved": "https://registry.npmjs.org/is-glob/-/is-glob-2.0.1.tgz",
              "integrity": "sha1-0Jb5JqPe1WAPP9/ZEZjLCIjC2GM=",
              "dev": true,
              "requires": {
                "is-extglob": "^1.0.0"
              }
            }
          }
        },
        "path-is-absolute": {
          "version": "1.0.1",
          "bundled": true,
          "dev": true
        },
        "pify": {
          "version": "3.0.0",
          "bundled": true,
          "dev": true
        },
        "portfinder": {
          "version": "http://registry.npm.taobao.org/portfinder/download/portfinder-1.0.13.tgz"
        },
        "regex-cache": {
          "version": "0.4.4",
          "bundled": true,
          "dev": true
        },
        "repeat-element": {
          "version": "1.1.2",
          "bundled": true,
          "dev": true
        },
        "resolve-cwd": {
          "version": "2.0.0",
          "bundled": true,
          "dev": true,
          "requires": {
            "resolve-from": "^3.0.0"
          }
        },
        "resolve-from": {
          "version": "3.0.0",
          "bundled": true,
          "dev": true
        },
        "rimraf": {
          "version": "2.6.2",
          "bundled": true,
          "dev": true
        },
        "selfsigned": {
          "version": "http://registry.npm.taobao.org/selfsigned/download/selfsigned-1.10.2.tgz"
        },
        "serve-index": {
          "version": "http://registry.npm.taobao.org/serve-index/download/serve-index-1.9.1.tgz"
        },
        "sockjs": {
          "version": "http://registry.npm.taobao.org/sockjs/download/sockjs-0.3.19.tgz"
        },
        "sockjs-client": {
          "version": "1.1.4",
          "bundled": true,
          "dev": true,
          "requires": {
            "debug": "^2.6.6",
            "eventsource": "0.1.6",
            "inherits": "^2.0.1",
            "json3": "^3.3.2"
          },
          "dependencies": {
            "debug": {
              "version": "2.6.9",
              "resolved": "https://registry.npmjs.org/debug/-/debug-2.6.9.tgz",
              "integrity": "sha512-bC7ElrdJaJnPbAP+1EotYvqZsb3ecl5wi6Bfi6BJTUcNowp6cvspg0jXznRTKDjm/E7AdgFBVeAPVMNcKGsHMA==",
              "dev": true,
              "requires": {
                "ms": "2.0.0"
              }
            }
          }
        },
        "spdy": {
          "version": "http://registry.npm.taobao.org/spdy/download/spdy-3.4.7.tgz"
        },
        "split-string": {
          "version": "3.1.0",
          "bundled": true,
          "dev": true,
          "requires": {
            "extend-shallow": "^3.0.0"
          },
          "dependencies": {
            "extend-shallow": {
              "version": "3.0.2",
              "resolved": "https://registry.npmjs.org/extend-shallow/-/extend-shallow-3.0.2.tgz",
              "integrity": "sha1-Jqcarwc7OfshJxcnRhMcJwQCjbg=",
              "dev": true,
              "requires": {
                "assign-symbols": "^1.0.0",
                "is-extendable": "^1.0.1"
              }
            },
            "is-extendable": {
              "version": "1.0.1",
              "resolved": "https://registry.npmjs.org/is-extendable/-/is-extendable-1.0.1.tgz",
              "integrity": "sha512-arnXMxT1hhoKo9k1LZdmlNyJdDDfy2v0fXjFlmok4+i8ul/6WlbVge9bhM74OpNPQPMGUToDtz+KXa1PneJxOA==",
              "dev": true,
              "requires": {
                "is-plain-object": "^2.0.4"
              }
            }
          }
        },
        "strip-ansi": {
          "version": "http://registry.npm.taobao.org/strip-ansi/download/strip-ansi-3.0.1.tgz",
          "dependencies": {
            "ansi-regex": {
              "version": "http://registry.npm.taobao.org/ansi-regex/download/ansi-regex-2.1.1.tgz"
            }
          }
        },
        "supports-color": {
          "version": "http://registry.npm.taobao.org/supports-color/download/supports-color-5.4.0.tgz"
        },
        "webpack-dev-middleware": {
          "version": "http://registry.npm.taobao.org/webpack-dev-middleware/download/webpack-dev-middleware-1.12.2.tgz"
        },
        "yargs": {
          "version": "http://registry.npm.taobao.org/yargs/download/yargs-6.6.0.tgz"
        }
      }
    }
  }
}
